
Microsoft Visual Studio Solution File, Format Version 12.00
# Visual Studio 15
VisualStudioVersion = 15.0.28010.2016
MinimumVisualStudioVersion = 10.0.40219.1
Project("{FAE04EC0-301F-11D3-BF4B-00C04F79EFBC}") = "UnitTestMethod", "UnitTestMethod\UnitTestMethod.csproj", "{97404048-A144-4D34-9A9C-4A8CC854D72B}"
EndProject
Project("{FAE04EC0-301F-11D3-BF4B-00C04F79EFBC}") = "CustomList", "CustomList\CustomList.csproj", "{05B22C36-DEBD-4E05-AEFA-F32D458C2D1C}"
EndProject
Global
	GlobalSection(SolutionConfigurationPlatforms) = preSolution
		Debug|Any CPU = Debug|Any CPU
		Release|Any CPU = Release|Any CPU
	EndGlobalSection
	GlobalSection(ProjectConfigurationPlatforms) = postSolution
		{97404048-A144-4D34-9A9C-4A8CC854D72B}.Debug|Any CPU.ActiveCfg = Debug|Any CPU
		{97404048-A144-4D34-9A9C-4A8CC854D72B}.Debug|Any CPU.Build.0 = Debug|Any CPU
		{97404048-A144-4D34-9A9C-4A8CC854D72B}.Release|Any CPU.ActiveCfg = Release|Any CPU
		{97404048-A144-4D34-9A9C-4A8CC854D72B}.Release|Any CPU.Build.0 = Release|Any CPU
		{05B22C36-DEBD-4E05-AEFA-F32D458C2D1C}.Debug|Any CPU.ActiveCfg = Debug|Any CPU
		{05B22C36-DEBD-4E05-AEFA-F32D458C2D1C}.Debug|Any CPU.Build.0 = Debug|Any CPU
		{05B22C36-DEBD-4E05-AEFA-F32D458C2D1C}.Release|Any CPU.ActiveCfg = Release|Any CPU
		{05B22C36-DEBD-4E05-AEFA-F32D458C2D1C}.Release|Any CPU.Build.0 = Release|Any CPU
	EndGlobalSection
	GlobalSection(SolutionProperties) = preSolution
		HideSolutionNode = FALSE
	EndGlobalSection
	GlobalSection(ExtensibilityGlobals) = postSolution
		SolutionGuid = {E2F88B12-7BA5-4B97-BF40-C30C0687C4E1}
	EndGlobalSection
EndGlobal
